
Microsoft Visual Studio Solution File, Format Version 12.00
# Visual Studio Version 17
VisualStudioVersion = 17.5.002.0
MinimumVisualStudioVersion = 10.0.40219.1
Project("{9A19103F-16F7-4668-BE54-9A1E7A4F7556}") = "Calculadora", "Calculadora.csproj", "{99ABFE2A-EE39-4F3B-BDAB-6794D7EB8296}"
EndProject
Global
	GlobalSection(SolutionConfigurationPlatforms) = preSolution
		Debug|Any CPU = Debug|Any CPU
		Release|Any CPU = Release|Any CPU
	EndGlobalSection
	GlobalSection(ProjectConfigurationPlatforms) = postSolution
		{99ABFE2A-EE39-4F3B-BDAB-6794D7EB8296}.Debug|Any CPU.ActiveCfg = Debug|Any CPU
		{99ABFE2A-EE39-4F3B-BDAB-6794D7EB8296}.Debug|Any CPU.Build.0 = Debug|Any CPU
		{99ABFE2A-EE39-4F3B-BDAB-6794D7EB8296}.Release|Any CPU.ActiveCfg = Release|Any CPU
		{99ABFE2A-EE39-4F3B-BDAB-6794D7EB8296}.Release|Any CPU.Build.0 = Release|Any CPU
	EndGlobalSection
	GlobalSection(SolutionProperties) = preSolution
		HideSolutionNode = FALSE
	EndGlobalSection
	GlobalSection(ExtensibilityGlobals) = postSolution
		SolutionGuid = {0DCE6B58-7F8C-4D43-853D-6B1FEEA39229}
	EndGlobalSection
EndGlobal
